
Microsoft Visual Studio Solution File, Format Version 12.00
Project("{FAE04EC0-301F-11D3-BF4B-00C04F79EFBC}") = "Flags.Demo.Api", "src\Flags.Demo.Api\Flags.Demo.Api.csproj", "{5D8EDEC2-3DFE-4145-A2A5-D34C628997CC}"
EndProject
Global
	GlobalSection(SolutionConfigurationPlatforms) = preSolution
		Debug|Any CPU = Debug|Any CPU
		Release|Any CPU = Release|Any CPU
	EndGlobalSection
	GlobalSection(ProjectConfigurationPlatforms) = postSolution
		{5D8EDEC2-3DFE-4145-A2A5-D34C628997CC}.Debug|Any CPU.ActiveCfg = Debug|Any CPU
		{5D8EDEC2-3DFE-4145-A2A5-D34C628997CC}.Debug|Any CPU.Build.0 = Debug|Any CPU
		{5D8EDEC2-3DFE-4145-A2A5-D34C628997CC}.Release|Any CPU.ActiveCfg = Release|Any CPU
		{5D8EDEC2-3DFE-4145-A2A5-D34C628997CC}.Release|Any CPU.Build.0 = Release|Any CPU
	EndGlobalSection
EndGlobal
